
Microsoft Visual Studio Solution File, Format Version 12.00
# Visual Studio Version 16
VisualStudioVersion = 16.0.29613.14
MinimumVisualStudioVersion = 10.0.40219.1
Project("{FAE04EC0-301F-11D3-BF4B-00C04F79EFBC}") = "CW_SITAIRIS", "CW_SITAIRIS\CW_SITAIRIS.csproj", "{AC02B0D8-ADAD-443A-8A5B-EC6F0C14F38E}"
EndProject
Global
	GlobalSection(SolutionConfigurationPlatforms) = preSolution
		Debug|Any CPU = Debug|Any CPU
		Release|Any CPU = Release|Any CPU
	EndGlobalSection
	GlobalSection(ProjectConfigurationPlatforms) = postSolution
		{AC02B0D8-ADAD-443A-8A5B-EC6F0C14F38E}.Debug|Any CPU.ActiveCfg = Debug|Any CPU
		{AC02B0D8-ADAD-443A-8A5B-EC6F0C14F38E}.Debug|Any CPU.Build.0 = Debug|Any CPU
		{AC02B0D8-ADAD-443A-8A5B-EC6F0C14F38E}.Release|Any CPU.ActiveCfg = Release|Any CPU
		{AC02B0D8-ADAD-443A-8A5B-EC6F0C14F38E}.Release|Any CPU.Build.0 = Release|Any CPU
	EndGlobalSection
	GlobalSection(SolutionProperties) = preSolution
		HideSolutionNode = FALSE
	EndGlobalSection
	GlobalSection(ExtensibilityGlobals) = postSolution
		SolutionGuid = {5BBAF258-AAED-4878-BDFD-A01D02F423DE}
	EndGlobalSection
EndGlobal
